
Microsoft Visual Studio Solution File, Format Version 12.00
# Visual Studio Version 16
VisualStudioVersion = 16.0.31702.278
MinimumVisualStudioVersion = 10.0.40219.1
Project("{FAE04EC0-301F-11D3-BF4B-00C04F79EFBC}") = "QuanLyHoa", "QuanLyHoa.csproj", "{C49DA2EC-AB97-47C4-884E-C631E42E6A00}"
EndProject
Project("{FAE04EC0-301F-11D3-BF4B-00C04F79EFBC}") = "QuanLyHoaTests", "..\QuanLyHoaTests\QuanLyHoaTests.csproj", "{0D37DDDC-AD54-4822-AB97-BAAEAB04F87F}"
EndProject
Global
	GlobalSection(SolutionConfigurationPlatforms) = preSolution
		Debug|Any CPU = Debug|Any CPU
		Release|Any CPU = Release|Any CPU
	EndGlobalSection
	GlobalSection(ProjectConfigurationPlatforms) = postSolution
		{C49DA2EC-AB97-47C4-884E-C631E42E6A00}.Debug|Any CPU.ActiveCfg = Debug|Any CPU
		{C49DA2EC-AB97-47C4-884E-C631E42E6A00}.Debug|Any CPU.Build.0 = Debug|Any CPU
		{C49DA2EC-AB97-47C4-884E-C631E42E6A00}.Release|Any CPU.ActiveCfg = Release|Any CPU
		{C49DA2EC-AB97-47C4-884E-C631E42E6A00}.Release|Any CPU.Build.0 = Release|Any CPU
		{0D37DDDC-AD54-4822-AB97-BAAEAB04F87F}.Debug|Any CPU.ActiveCfg = Debug|Any CPU
		{0D37DDDC-AD54-4822-AB97-BAAEAB04F87F}.Debug|Any CPU.Build.0 = Debug|Any CPU
		{0D37DDDC-AD54-4822-AB97-BAAEAB04F87F}.Release|Any CPU.ActiveCfg = Release|Any CPU
		{0D37DDDC-AD54-4822-AB97-BAAEAB04F87F}.Release|Any CPU.Build.0 = Release|Any CPU
	EndGlobalSection
	GlobalSection(SolutionProperties) = preSolution
		HideSolutionNode = FALSE
	EndGlobalSection
	GlobalSection(ExtensibilityGlobals) = postSolution
		SolutionGuid = {E599301E-0B81-4B45-8720-85624CB41646}
	EndGlobalSection
EndGlobal
